
Microsoft Visual Studio Solution File, Format Version 12.00
# Visual Studio Version 17
VisualStudioVersion = 17.5.33103.201
MinimumVisualStudioVersion = 10.0.40219.1
Project("{FAE04EC0-301F-11D3-BF4B-00C04F79EFBC}") = "SlackClient.UWP", "SlackClient\SlackClient.UWP\SlackClient.UWP.csproj", "{69B9E457-E08A-4F3F-B8DD-FA23EB72E202}"
EndProject
Project("{FAE04EC0-301F-11D3-BF4B-00C04F79EFBC}") = "SlackClient.Android", "SlackClient\SlackClient.Android\SlackClient.Android.csproj", "{4B721AFD-9F05-4B7E-9139-6030C348CC69}"
EndProject
Project("{FAE04EC0-301F-11D3-BF4B-00C04F79EFBC}") = "SlackClient.iOS", "SlackClient\SlackClient.iOS\SlackClient.iOS.csproj", "{FB13FBB0-C803-46A1-8A6B-0FF5C87B91A2}"
EndProject
Project("{FAE04EC0-301F-11D3-BF4B-00C04F79EFBC}") = "SlackClient", "SlackClient\SlackClient\SlackClient.csproj", "{885014AA-7E0E-4BF0-ACDF-3E3134ACA8BE}"
EndProject
Global
	GlobalSection(SolutionConfigurationPlatforms) = preSolution
		Debug|Any CPU = Debug|Any CPU
		Debug|ARM = Debug|ARM
		Debug|iPhone = Debug|iPhone
		Debug|iPhoneSimulator = Debug|iPhoneSimulator
		Debug|x64 = Debug|x64
		Debug|x86 = Debug|x86
		Release|Any CPU = Release|Any CPU
		Release|ARM = Release|ARM
		Release|iPhone = Release|iPhone
		Release|iPhoneSimulator = Release|iPhoneSimulator
		Release|x64 = Release|x64
		Release|x86 = Release|x86
	EndGlobalSection
	GlobalSection(ProjectConfigurationPlatforms) = postSolution
		{69B9E457-E08A-4F3F-B8DD-FA23EB72E202}.Debug|Any CPU.ActiveCfg = Debug|x64
		{69B9E457-E08A-4F3F-B8DD-FA23EB72E202}.Debug|Any CPU.Build.0 = Debug|x64
		{69B9E457-E08A-4F3F-B8DD-FA23EB72E202}.Debug|Any CPU.Deploy.0 = Debug|x64
		{69B9E457-E08A-4F3F-B8DD-FA23EB72E202}.Debug|ARM.ActiveCfg = Debug|ARM
		{69B9E457-E08A-4F3F-B8DD-FA23EB72E202}.Debug|ARM.Build.0 = Debug|ARM
		{69B9E457-E08A-4F3F-B8DD-FA23EB72E202}.Debug|ARM.Deploy.0 = Debug|ARM
		{69B9E457-E08A-4F3F-B8DD-FA23EB72E202}.Debug|iPhone.ActiveCfg = Debug|x64
		{69B9E457-E08A-4F3F-B8DD-FA23EB72E202}.Debug|iPhone.Build.0 = Debug|x64
		{69B9E457-E08A-4F3F-B8DD-FA23EB72E202}.Debug|iPhone.Deploy.0 = Debug|x64
		{69B9E457-E08A-4F3F-B8DD-FA23EB72E202}.Debug|iPhoneSimulator.ActiveCfg = Debug|x64
		{69B9E457-E08A-4F3F-B8DD-FA23EB72E202}.Debug|iPhoneSimulator.Build.0 = Debug|x64
		{69B9E457-E08A-4F3F-B8DD-FA23EB72E202}.Debug|iPhoneSimulator.Deploy.0 = Debug|x64
		{69B9E457-E08A-4F3F-B8DD-FA23EB72E202}.Debug|x64.ActiveCfg = Debug|x64
		{69B9E457-E08A-4F3F-B8DD-FA23EB72E202}.Debug|x64.Build.0 = Debug|x64
		{69B9E457-E08A-4F3F-B8DD-FA23EB72E202}.Debug|x64.Deploy.0 = Debug|x64
		{69B9E457-E08A-4F3F-B8DD-FA23EB72E202}.Debug|x86.ActiveCfg = Debug|x86
		{69B9E457-E08A-4F3F-B8DD-FA23EB72E202}.Debug|x86.Build.0 = Debug|x86
		{69B9E457-E08A-4F3F-B8DD-FA23EB72E202}.Debug|x86.Deploy.0 = Debug|x86
		{69B9E457-E08A-4F3F-B8DD-FA23EB72E202}.Release|Any CPU.ActiveCfg = Release|x64
		{69B9E457-E08A-4F3F-B8DD-FA23EB72E202}.Release|Any CPU.Build.0 = Release|x64
		{69B9E457-E08A-4F3F-B8DD-FA23EB72E202}.Release|Any CPU.Deploy.0 = Release|x64
		{69B9E457-E08A-4F3F-B8DD-FA23EB72E202}.Release|ARM.ActiveCfg = Release|ARM
		{69B9E457-E08A-4F3F-B8DD-FA23EB72E202}.Release|ARM.Build.0 = Release|ARM
		{69B9E457-E08A-4F3F-B8DD-FA23EB72E202}.Release|ARM.Deploy.0 = Release|ARM
		{69B9E457-E08A-4F3F-B8DD-FA23EB72E202}.Release|iPhone.ActiveCfg = Release|x64
		{69B9E457-E08A-4F3F-B8DD-FA23EB72E202}.Release|iPhone.Build.0 = Release|x64
		{69B9E457-E08A-4F3F-B8DD-FA23EB72E202}.Release|iPhone.Deploy.0 = Release|x64
		{69B9E457-E08A-4F3F-B8DD-FA23EB72E202}.Release|iPhoneSimulator.ActiveCfg = Release|x64
		{69B9E457-E08A-4F3F-B8DD-FA23EB72E202}.Release|iPhoneSimulator.Build.0 = Release|x64
		{69B9E457-E08A-4F3F-B8DD-FA23EB72E202}.Release|iPhoneSimulator.Deploy.0 = Release|x64
		{69B9E457-E08A-4F3F-B8DD-FA23EB72E202}.Release|x64.ActiveCfg = Release|x64
		{69B9E457-E08A-4F3F-B8DD-FA23EB72E202}.Release|x64.Build.0 = Release|x64
		{69B9E457-E08A-4F3F-B8DD-FA23EB72E202}.Release|x64.Deploy.0 = Release|x64
		{69B9E457-E08A-4F3F-B8DD-FA23EB72E202}.Release|x86.ActiveCfg = Release|x86
		{69B9E457-E08A-4F3F-B8DD-FA23EB72E202}.Release|x86.Build.0 = Release|x86
		{69B9E457-E08A-4F3F-B8DD-FA23EB72E202}.Release|x86.Deploy.0 = Release|x86
		{4B721AFD-9F05-4B7E-9139-6030C348CC69}.Debug|Any CPU.ActiveCfg = Debug|Any CPU
		{4B721AFD-9F05-4B7E-9139-6030C348CC69}.Debug|Any CPU.Build.0 = Debug|Any CPU
		{4B721AFD-9F05-4B7E-9139-6030C348CC69}.Debug|Any CPU.Deploy.0 = Debug|Any CPU
		{4B721AFD-9F05-4B7E-9139-6030C348CC69}.Debug|ARM.ActiveCfg = Debug|Any CPU
		{4B721AFD-9F05-4B7E-9139-6030C348CC69}.Debug|ARM.Build.0 = Debug|Any CPU
		{4B721AFD-9F05-4B7E-9139-6030C348CC69}.Debug|ARM.Deploy.0 = Debug|Any CPU
		{4B721AFD-9F05-4B7E-9139-6030C348CC69}.Debug|iPhone.ActiveCfg = Debug|Any CPU
		{4B721AFD-9F05-4B7E-9139-6030C348CC69}.Debug|iPhone.Build.0 = Debug|Any CPU
		{4B721AFD-9F05-4B7E-9139-6030C348CC69}.Debug|iPhone.Deploy.0 = Debug|Any CPU
		{4B721AFD-9F05-4B7E-9139-6030C348CC69}.Debug|iPhoneSimulator.ActiveCfg = Debug|Any CPU
		{4B721AFD-9F05-4B7E-9139-6030C348CC69}.Debug|iPhoneSimulator.Build.0 = Debug|Any CPU
		{4B721AFD-9F05-4B7E-9139-6030C348CC69}.Debug|iPhoneSimulator.Deploy.0 = Debug|Any CPU
		{4B721AFD-9F05-4B7E-9139-6030C348CC69}.Debug|x64.ActiveCfg = Debug|Any CPU
		{4B721AFD-9F05-4B7E-9139-6030C348CC69}.Debug|x64.Build.0 = Debug|Any CPU
		{4B721AFD-9F05-4B7E-9139-6030C348CC69}.Debug|x64.Deploy.0 = Debug|Any CPU
		{4B721AFD-9F05-4B7E-9139-6030C348CC69}.Debug|x86.ActiveCfg = Debug|Any CPU
		{4B721AFD-9F05-4B7E-9139-6030C348CC69}.Debug|x86.Build.0 = Debug|Any CPU
		{4B721AFD-9F05-4B7E-9139-6030C348CC69}.Debug|x86.Deploy.0 = Debug|Any CPU
		{4B721AFD-9F05-4B7E-9139-6030C348CC69}.Release|Any CPU.ActiveCfg = Release|Any CPU
		{4B721AFD-9F05-4B7E-9139-6030C348CC69}.Release|Any CPU.Build.0 = Release|Any CPU
		{4B721AFD-9F05-4B7E-9139-6030C348CC69}.Release|Any CPU.Deploy.0 = Release|Any CPU
		{4B721AFD-9F05-4B7E-9139-6030C348CC69}.Release|ARM.ActiveCfg = Release|Any CPU
		{4B721AFD-9F05-4B7E-9139-6030C348CC69}.Release|ARM.Build.0 = Release|Any CPU
		{4B721AFD-9F05-4B7E-9139-6030C348CC69}.Release|ARM.Deploy.0 = Release|Any CPU
		{4B721AFD-9F05-4B7E-9139-6030C348CC69}.Release|iPhone.ActiveCfg = Release|Any CPU
		{4B721AFD-9F05-4B7E-9139-6030C348CC69}.Release|iPhone.Build.0 = Release|Any CPU
		{4B721AFD-9F05-4B7E-9139-6030C348CC69}.Release|iPhone.Deploy.0 = Release|Any CPU
		{4B721AFD-9F05-4B7E-9139-6030C348CC69}.Release|iPhoneSimulator.ActiveCfg = Release|Any CPU
		{4B721AFD-9F05-4B7E-9139-6030C348CC69}.Release|iPhoneSimulator.Build.0 = Release|Any CPU
		{4B721AFD-9F05-4B7E-9139-6030C348CC69}.Release|iPhoneSimulator.Deploy.0 = Release|Any CPU
		{4B721AFD-9F05-4B7E-9139-6030C348CC69}.Release|x64.ActiveCfg = Release|Any CPU
		{4B721AFD-9F05-4B7E-9139-6030C348CC69}.Release|x64.Build.0 = Release|Any CPU
		{4B721AFD-9F05-4B7E-9139-6030C348CC69}.Release|x64.Deploy.0 = Release|Any CPU
		{4B721AFD-9F05-4B7E-9139-6030C348CC69}.Release|x86.ActiveCfg = Release|Any CPU
		{4B721AFD-9F05-4B7E-9139-6030C348CC69}.Release|x86.Build.0 = Release|Any CPU
		{4B721AFD-9F05-4B7E-9139-6030C348CC69}.Release|x86.Deploy.0 = Release|Any CPU
		{FB13FBB0-C803-46A1-8A6B-0FF5C87B91A2}.Debug|Any CPU.ActiveCfg = Debug|iPhoneSimulator
		{FB13FBB0-C803-46A1-8A6B-0FF5C87B91A2}.Debug|Any CPU.Build.0 = Debug|iPhoneSimulator
		{FB13FBB0-C803-46A1-8A6B-0FF5C87B91A2}.Debug|Any CPU.Deploy.0 = Debug|iPhoneSimulator
		{FB13FBB0-C803-46A1-8A6B-0FF5C87B91A2}.Debug|ARM.ActiveCfg = Debug|iPhoneSimulator
		{FB13FBB0-C803-46A1-8A6B-0FF5C87B91A2}.Debug|ARM.Build.0 = Debug|iPhoneSimulator
		{FB13FBB0-C803-46A1-8A6B-0FF5C87B91A2}.Debug|ARM.Deploy.0 = Debug|iPhoneSimulator
		{FB13FBB0-C803-46A1-8A6B-0FF5C87B91A2}.Debug|iPhone.ActiveCfg = Debug|iPhone
		{FB13FBB0-C803-46A1-8A6B-0FF5C87B91A2}.Debug|iPhone.Build.0 = Debug|iPhone
		{FB13FBB0-C803-46A1-8A6B-0FF5C87B91A2}.Debug|iPhone.Deploy.0 = Debug|iPhone
		{FB13FBB0-C803-46A1-8A6B-0FF5C87B91A2}.Debug|iPhoneSimulator.ActiveCfg = Debug|iPhoneSimulator
		{FB13FBB0-C803-46A1-8A6B-0FF5C87B91A2}.Debug|iPhoneSimulator.Build.0 = Debug|iPhoneSimulator
		{FB13FBB0-C803-46A1-8A6B-0FF5C87B91A2}.Debug|iPhoneSimulator.Deploy.0 = Debug|iPhoneSimulator
		{FB13FBB0-C803-46A1-8A6B-0FF5C87B91A2}.Debug|x64.ActiveCfg = Debug|iPhone
		{FB13FBB0-C803-46A1-8A6B-0FF5C87B91A2}.Debug|x64.Build.0 = Debug|iPhone
		{FB13FBB0-C803-46A1-8A6B-0FF5C87B91A2}.Debug|x64.Deploy.0 = Debug|iPhone
		{FB13FBB0-C803-46A1-8A6B-0FF5C87B91A2}.Debug|x86.ActiveCfg = Debug|iPhoneSimulator
		{FB13FBB0-C803-46A1-8A6B-0FF5C87B91A2}.Debug|x86.Build.0 = Debug|iPhoneSimulator
		{FB13FBB0-C803-46A1-8A6B-0FF5C87B91A2}.Debug|x86.Deploy.0 = Debug|iPhoneSimulator
		{FB13FBB0-C803-46A1-8A6B-0FF5C87B91A2}.Release|Any CPU.ActiveCfg = Release|iPhoneSimulator
		{FB13FBB0-C803-46A1-8A6B-0FF5C87B91A2}.Release|Any CPU.Build.0 = Release|iPhoneSimulator
		{FB13FBB0-C803-46A1-8A6B-0FF5C87B91A2}.Release|Any CPU.Deploy.0 = Release|iPhoneSimulator
		{FB13FBB0-C803-46A1-8A6B-0FF5C87B91A2}.Release|ARM.ActiveCfg = Release|iPhoneSimulator
		{FB13FBB0-C803-46A1-8A6B-0FF5C87B91A2}.Release|ARM.Build.0 = Release|iPhoneSimulator
		{FB13FBB0-C803-46A1-8A6B-0FF5C87B91A2}.Release|ARM.Deploy.0 = Release|iPhoneSimulator
		{FB13FBB0-C803-46A1-8A6B-0FF5C87B91A2}.Release|iPhone.ActiveCfg = Release|iPhone
		{FB13FBB0-C803-46A1-8A6B-0FF5C87B91A2}.Release|iPhone.Build.0 = Release|iPhone
		{FB13FBB0-C803-46A1-8A6B-0FF5C87B91A2}.Release|iPhone.Deploy.0 = Release|iPhone
		{FB13FBB0-C803-46A1-8A6B-0FF5C87B91A2}.Release|iPhoneSimulator.ActiveCfg = Release|iPhoneSimulator
		{FB13FBB0-C803-46A1-8A6B-0FF5C87B91A2}.Release|iPhoneSimulator.Build.0 = Release|iPhoneSimulator
		{FB13FBB0-C803-46A1-8A6B-0FF5C87B91A2}.Release|iPhoneSimulator.Deploy.0 = Release|iPhoneSimulator
		{FB13FBB0-C803-46A1-8A6B-0FF5C87B91A2}.Release|x64.ActiveCfg = Release|iPhoneSimulator
		{FB13FBB0-C803-46A1-8A6B-0FF5C87B91A2}.Release|x64.Build.0 = Release|iPhoneSimulator
		{FB13FBB0-C803-46A1-8A6B-0FF5C87B91A2}.Release|x64.Deploy.0 = Release|iPhoneSimulator
		{FB13FBB0-C803-46A1-8A6B-0FF5C87B91A2}.Release|x86.ActiveCfg = Release|iPhoneSimulator
		{FB13FBB0-C803-46A1-8A6B-0FF5C87B91A2}.Release|x86.Build.0 = Release|iPhoneSimulator
		{FB13FBB0-C803-46A1-8A6B-0FF5C87B91A2}.Release|x86.Deploy.0 = Release|iPhoneSimulator
		{885014AA-7E0E-4BF0-ACDF-3E3134ACA8BE}.Debug|Any CPU.ActiveCfg = Debug|Any CPU
		{885014AA-7E0E-4BF0-ACDF-3E3134ACA8BE}.Debug|Any CPU.Build.0 = Debug|Any CPU
		{885014AA-7E0E-4BF0-ACDF-3E3134ACA8BE}.Debug|Any CPU.Deploy.0 = Debug|Any CPU
		{885014AA-7E0E-4BF0-ACDF-3E3134ACA8BE}.Debug|ARM.ActiveCfg = Debug|Any CPU
		{885014AA-7E0E-4BF0-ACDF-3E3134ACA8BE}.Debug|ARM.Build.0 = Debug|Any CPU
		{885014AA-7E0E-4BF0-ACDF-3E3134ACA8BE}.Debug|ARM.Deploy.0 = Debug|Any CPU
		{885014AA-7E0E-4BF0-ACDF-3E3134ACA8BE}.Debug|iPhone.ActiveCfg = Debug|Any CPU
		{885014AA-7E0E-4BF0-ACDF-3E3134ACA8BE}.Debug|iPhone.Build.0 = Debug|Any CPU
		{885014AA-7E0E-4BF0-ACDF-3E3134ACA8BE}.Debug|iPhone.Deploy.0 = Debug|Any CPU
		{885014AA-7E0E-4BF0-ACDF-3E3134ACA8BE}.Debug|iPhoneSimulator.ActiveCfg = Debug|Any CPU
		{885014AA-7E0E-4BF0-ACDF-3E3134ACA8BE}.Debug|iPhoneSimulator.Build.0 = Debug|Any CPU
		{885014AA-7E0E-4BF0-ACDF-3E3134ACA8BE}.Debug|iPhoneSimulator.Deploy.0 = Debug|Any CPU
		{885014AA-7E0E-4BF0-ACDF-3E3134ACA8BE}.Debug|x64.ActiveCfg = Debug|Any CPU
		{885014AA-7E0E-4BF0-ACDF-3E3134ACA8BE}.Debug|x64.Build.0 = Debug|Any CPU
		{885014AA-7E0E-4BF0-ACDF-3E3134ACA8BE}.Debug|x64.Deploy.0 = Debug|Any CPU
		{885014AA-7E0E-4BF0-ACDF-3E3134ACA8BE}.Debug|x86.ActiveCfg = Debug|Any CPU
		{885014AA-7E0E-4BF0-ACDF-3E3134ACA8BE}.Debug|x86.Build.0 = Debug|Any CPU
		{885014AA-7E0E-4BF0-ACDF-3E3134ACA8BE}.Debug|x86.Deploy.0 = Debug|Any CPU
		{885014AA-7E0E-4BF0-ACDF-3E3134ACA8BE}.Release|Any CPU.ActiveCfg = Release|Any CPU
		{885014AA-7E0E-4BF0-ACDF-3E3134ACA8BE}.Release|Any CPU.Build.0 = Release|Any CPU
		{885014AA-7E0E-4BF0-ACDF-3E3134ACA8BE}.Release|Any CPU.Deploy.0 = Release|Any CPU
		{885014AA-7E0E-4BF0-ACDF-3E3134ACA8BE}.Release|ARM.ActiveCfg = Release|Any CPU
		{885014AA-7E0E-4BF0-ACDF-3E3134ACA8BE}.Release|ARM.Build.0 = Release|Any CPU
		{885014AA-7E0E-4BF0-ACDF-3E3134ACA8BE}.Release|ARM.Deploy.0 = Release|Any CPU
		{885014AA-7E0E-4BF0-ACDF-3E3134ACA8BE}.Release|iPhone.ActiveCfg = Release|Any CPU
		{885014AA-7E0E-4BF0-ACDF-3E3134ACA8BE}.Release|iPhone.Build.0 = Release|Any CPU
		{885014AA-7E0E-4BF0-ACDF-3E3134ACA8BE}.Release|iPhone.Deploy.0 = Release|Any CPU
		{885014AA-7E0E-4BF0-ACDF-3E3134ACA8BE}.Release|iPhoneSimulator.ActiveCfg = Release|Any CPU
		{885014AA-7E0E-4BF0-ACDF-3E3134ACA8BE}.Release|iPhoneSimulator.Build.0 = Release|Any CPU
		{885014AA-7E0E-4BF0-ACDF-3E3134ACA8BE}.Release|iPhoneSimulator.Deploy.0 = Release|Any CPU
		{885014AA-7E0E-4BF0-ACDF-3E3134ACA8BE}.Release|x64.ActiveCfg = Release|Any CPU
		{885014AA-7E0E-4BF0-ACDF-3E3134ACA8BE}.Release|x64.Build.0 = Release|Any CPU
		{885014AA-7E0E-4BF0-ACDF-3E3134ACA8BE}.Release|x64.Deploy.0 = Release|Any CPU
		{885014AA-7E0E-4BF0-ACDF-3E3134ACA8BE}.Release|x86.ActiveCfg = Release|Any CPU
		{885014AA-7E0E-4BF0-ACDF-3E3134ACA8BE}.Release|x86.Build.0 = Release|Any CPU
		{885014AA-7E0E-4BF0-ACDF-3E3134ACA8BE}.Release|x86.Deploy.0 = Release|Any CPU
	EndGlobalSection
	GlobalSection(SolutionProperties) = preSolution
		HideSolutionNode = FALSE
	EndGlobalSection
	GlobalSection(ExtensibilityGlobals) = postSolution
		SolutionGuid = {3697507A-74CF-440B-9B85-D168ACF4F8A0}
	EndGlobalSection
EndGlobal
